
Microsoft Visual Studio Solution File, Format Version 12.00
# Visual Studio 15
VisualStudioVersion = 15.0.28307.271
MinimumVisualStudioVersion = 10.0.40219.1
Project("{FAE04EC0-301F-11D3-BF4B-00C04F79EFBC}") = "CentiSoft.TimeRegistration.DataAccessLayer", "CentiSoft.TimeRegistration.DataAccessLayer\CentiSoft.TimeRegistration.DataAccessLayer.csproj", "{049E4FFE-DA8C-47FC-96BC-7E8394E1A91B}"
EndProject
Project("{FAE04EC0-301F-11D3-BF4B-00C04F79EFBC}") = "CentiSoft.TimeRegistration.DataAccessLayer.Test", "CentiSoft.TimeRegistration.DataAccessLayer.Test\CentiSoft.TimeRegistration.DataAccessLayer.Test.csproj", "{0163DEE7-CA22-44EE-A584-0C70D268B8E2}"
EndProject
Global
	GlobalSection(SolutionConfigurationPlatforms) = preSolution
		Debug|Any CPU = Debug|Any CPU
		Release|Any CPU = Release|Any CPU
	EndGlobalSection
	GlobalSection(ProjectConfigurationPlatforms) = postSolution
		{049E4FFE-DA8C-47FC-96BC-7E8394E1A91B}.Debug|Any CPU.ActiveCfg = Debug|Any CPU
		{049E4FFE-DA8C-47FC-96BC-7E8394E1A91B}.Debug|Any CPU.Build.0 = Debug|Any CPU
		{049E4FFE-DA8C-47FC-96BC-7E8394E1A91B}.Release|Any CPU.ActiveCfg = Release|Any CPU
		{049E4FFE-DA8C-47FC-96BC-7E8394E1A91B}.Release|Any CPU.Build.0 = Release|Any CPU
		{0163DEE7-CA22-44EE-A584-0C70D268B8E2}.Debug|Any CPU.ActiveCfg = Debug|Any CPU
		{0163DEE7-CA22-44EE-A584-0C70D268B8E2}.Debug|Any CPU.Build.0 = Debug|Any CPU
		{0163DEE7-CA22-44EE-A584-0C70D268B8E2}.Release|Any CPU.ActiveCfg = Release|Any CPU
		{0163DEE7-CA22-44EE-A584-0C70D268B8E2}.Release|Any CPU.Build.0 = Release|Any CPU
	EndGlobalSection
	GlobalSection(SolutionProperties) = preSolution
		HideSolutionNode = FALSE
	EndGlobalSection
	GlobalSection(ExtensibilityGlobals) = postSolution
		SolutionGuid = {A389A470-E046-4638-9BB4-8C1B70DF9060}
	EndGlobalSection
EndGlobal
